{
  "name": "kxco-pq",
  "version": "1.1.0",
  "lockfileVersion": 3,
  "requires": true,
  "packages": {
    "": {
      "name": "kxco-pq",
      "version": "1.1.0",
      "license": "Apache-2.0",
      "dependencies": {
        "kxco-post-quantum-webhook": "^1.0.5",
        "kxco-pq-chain": "^1.0.0",
        "kxco-pq-sdk": "^1.0.2",
        "kxco-pq-tls": "^1.0.6",
        "kxco-pq-vault": "^1.0.6"
      },
      "engines": {
        "node": ">=20.19"
      },
      "funding": {
        "url": "https://kxco.ai"
      }
    },
    "node_modules/@noble/ciphers": {
      "version": "1.3.0",
      "resolved": "https://registry.npmjs.org/@noble/ciphers/-/ciphers-1.3.0.tgz",
      "integrity": "sha512-2I0gnIVPtfnMw9ee9h1dJG7tp81+8Ob3OJb3Mv37rx5L40/b0i7djjCVvGOVqc9AEIQyvyu1i6ypKdFw8R8gQw==",
      "license": "MIT",
      "engines": {
        "node": "^14.21.3 || >=16"
      },
      "funding": {
        "url": "https://paulmillr.com/funding/"
      }
    },
    "node_modules/@noble/curves": {
      "version": "1.9.7",
      "resolved": "https://registry.npmjs.org/@noble/curves/-/curves-1.9.7.tgz",
      "integrity": "sha512-gbKGcRUYIjA3/zCCNaWDciTMFI0dCkvou3TL8Zmy5Nc7sJ47a0jtOeZoTaMxkuqRo9cRhjOdZJXegxYE5FN/xw==",
      "license": "MIT",
      "dependencies": {
        "@noble/hashes": "1.8.0"
      },
      "engines": {
        "node": "^14.21.3 || >=16"
      },
      "funding": {
        "url": "https://paulmillr.com/funding/"
      }
    },
    "node_modules/@noble/curves/node_modules/@noble/hashes": {
      "version": "1.8.0",
      "resolved": "https://registry.npmjs.org/@noble/hashes/-/hashes-1.8.0.tgz",
      "integrity": "sha512-jCs9ldd7NwzpgXDIf6P3+NrHh9/sD6CQdxHyjQI+h/6rDNo88ypBxxz45UDuZHz9r3tNz7N/VInSVoVdtXEI4A==",
      "license": "MIT",
      "engines": {
        "node": "^14.21.3 || >=16"
      },
      "funding": {
        "url": "https://paulmillr.com/funding/"
      }
    },
    "node_modules/@noble/hashes": {
      "version": "2.2.0",
      "resolved": "https://registry.npmjs.org/@noble/hashes/-/hashes-2.2.0.tgz",
      "integrity": "sha512-IYqDGiTXab6FniAgnSdZwgWbomxpy9FtYvLKs7wCUs2a8RkITG+DFGO1DM9cr+E3/RgADRpFjrKVaJ1z6sjtEg==",
      "license": "MIT",
      "engines": {
        "node": ">= 20.19.0"
      },
      "funding": {
        "url": "https://paulmillr.com/funding/"
      }
    },
    "node_modules/@noble/post-quantum": {
      "version": "0.2.1",
      "resolved": "https://registry.npmjs.org/@noble/post-quantum/-/post-quantum-0.2.1.tgz",
      "integrity": "sha512-ImgfMp9notXSEocz464o1AefYfFWEkkszKMGO+ZiTn73yIBFeNyEHKQUMS+SheJwSNymldSts6YyVcQDjcnVVg==",
      "license": "MIT",
      "dependencies": {
        "@noble/hashes": "1.6.0"
      },
      "funding": {
        "url": "https://paulmillr.com/funding/"
      }
    },
    "node_modules/@noble/post-quantum/node_modules/@noble/hashes": {
      "version": "1.6.0",
      "resolved": "https://registry.npmjs.org/@noble/hashes/-/hashes-1.6.0.tgz",
      "integrity": "sha512-YUULf0Uk4/mAA89w+k3+yUYh6NrEvxZa5T6SY3wlMvE2chHkxFUUIDI8/XW1QSC357iA5pSnqt7XEhvFOqmDyQ==",
      "license": "MIT",
      "engines": {
        "node": "^14.21.3 || >=16"
      },
      "funding": {
        "url": "https://paulmillr.com/funding/"
      }
    },
    "node_modules/@scure/base": {
      "version": "1.2.6",
      "resolved": "https://registry.npmjs.org/@scure/base/-/base-1.2.6.tgz",
      "integrity": "sha512-g/nm5FgUa//MCj1gV09zTJTaM6KBAHqLN907YVQqf7zC49+DcO4B1so4ZX07Ef10Twr6nuqYEH9GEggFXA4Fmg==",
      "license": "MIT",
      "funding": {
        "url": "https://paulmillr.com/funding/"
      }
    },
    "node_modules/kxco-post-quantum": {
      "version": "1.1.11",
      "resolved": "https://registry.npmjs.org/kxco-post-quantum/-/kxco-post-quantum-1.1.11.tgz",
      "integrity": "sha512-K7wXtbsEqPUolDmHZBycJw8cifomn+Hkf/o+mnOwpXUmL7QSqxb9/DplZ/lXyfcgbsgg2Flan0550j1OlBhgPQ==",
      "license": "MIT",
      "dependencies": {
        "@noble/hashes": "^2.2.0",
        "@noble/post-quantum": "^0.2.1"
      },
      "engines": {
        "node": ">=20.19"
      },
      "funding": {
        "url": "https://kxco.ai"
      }
    },
    "node_modules/kxco-post-quantum-webhook": {
      "version": "1.0.5",
      "resolved": "https://registry.npmjs.org/kxco-post-quantum-webhook/-/kxco-post-quantum-webhook-1.0.5.tgz",
      "integrity": "sha512-uEb4tJ/luLjGajKW/a7mUMW/Yc+Aq6VuR7T8OTLp99VWKkXa8SAsn2govrrVGwMS6GJgXtHT2wGK7bHRSYdqpg==",
      "license": "Apache-2.0",
      "engines": {
        "node": ">=18"
      },
      "funding": {
        "url": "https://kxco.ai"
      },
      "peerDependencies": {
        "kxco-post-quantum": "^1.0.3"
      }
    },
    "node_modules/kxco-pq-attest": {
      "version": "1.0.6",
      "resolved": "https://registry.npmjs.org/kxco-pq-attest/-/kxco-pq-attest-1.0.6.tgz",
      "integrity": "sha512-8vfsPjM9FBTk5W/PdEPT2oSsQqjzQodO9LB6yXfm2jTouwjUfCOpp61JkVggpbPPl1oSx+Fcogf5aQfKaF9QKA==",
      "license": "Apache-2.0",
      "dependencies": {
        "kxco-post-quantum": "^1.1.6"
      },
      "engines": {
        "node": ">=20.19"
      },
      "funding": {
        "url": "https://kxco.ai"
      }
    },
    "node_modules/kxco-pq-audit": {
      "version": "1.0.6",
      "resolved": "https://registry.npmjs.org/kxco-pq-audit/-/kxco-pq-audit-1.0.6.tgz",
      "integrity": "sha512-QTBuMSCDUflAjJvrUWbHqplFa8gkEZdlXZt219g0130QvfvfsdmcSuVC1e8Xza2RVTULXYDjcgfON8af7pDEWA==",
      "license": "Apache-2.0",
      "dependencies": {
        "@noble/hashes": "^1.7.0",
        "kxco-post-quantum": "^1.1.6"
      },
      "engines": {
        "node": ">=20.19"
      },
      "funding": {
        "url": "https://kxco.ai"
      }
    },
    "node_modules/kxco-pq-audit/node_modules/@noble/hashes": {
      "version": "1.8.0",
      "resolved": "https://registry.npmjs.org/@noble/hashes/-/hashes-1.8.0.tgz",
      "integrity": "sha512-jCs9ldd7NwzpgXDIf6P3+NrHh9/sD6CQdxHyjQI+h/6rDNo88ypBxxz45UDuZHz9r3tNz7N/VInSVoVdtXEI4A==",
      "license": "MIT",
      "engines": {
        "node": "^14.21.3 || >=16"
      },
      "funding": {
        "url": "https://paulmillr.com/funding/"
      }
    },
    "node_modules/kxco-pq-chain": {
      "version": "1.0.0",
      "resolved": "https://registry.npmjs.org/kxco-pq-chain/-/kxco-pq-chain-1.0.0.tgz",
      "integrity": "sha512-yrGdoiBdEHnphAMXUYdE/4aPIOITAQ+VEefDwBrEhnKerPsxYNFjms19t/zcH7XMZu2BMJw5xiocY4G/DiiMlg==",
      "license": "Apache-2.0",
      "dependencies": {
        "kxco-post-quantum": "^1.1.6"
      },
      "engines": {
        "node": ">=20.19"
      },
      "funding": {
        "url": "https://kxco.ai"
      }
    },
    "node_modules/kxco-pq-hsm": {
      "version": "1.0.6",
      "resolved": "https://registry.npmjs.org/kxco-pq-hsm/-/kxco-pq-hsm-1.0.6.tgz",
      "integrity": "sha512-QaODkWW9lWOsd1BCtjHxdaCXq738F2/xLlbgSs6O4pdmdiRwavLH6GRuE/cvEM/LfTRWwVJSUpql4kgVL+rXkg==",
      "license": "Apache-2.0",
      "dependencies": {
        "@noble/ciphers": "^1.0.0",
        "@noble/hashes": "^1.7.0",
        "kxco-post-quantum": "^1.1.6"
      },
      "engines": {
        "node": ">=20.19"
      },
      "funding": {
        "url": "https://kxco.ai"
      },
      "optionalDependencies": {
        "pkcs11js": "^2.1.0"
      }
    },
    "node_modules/kxco-pq-hsm/node_modules/@noble/hashes": {
      "version": "1.8.0",
      "resolved": "https://registry.npmjs.org/@noble/hashes/-/hashes-1.8.0.tgz",
      "integrity": "sha512-jCs9ldd7NwzpgXDIf6P3+NrHh9/sD6CQdxHyjQI+h/6rDNo88ypBxxz45UDuZHz9r3tNz7N/VInSVoVdtXEI4A==",
      "license": "MIT",
      "engines": {
        "node": "^14.21.3 || >=16"
      },
      "funding": {
        "url": "https://paulmillr.com/funding/"
      }
    },
    "node_modules/kxco-pq-sdk": {
      "version": "1.0.2",
      "resolved": "https://registry.npmjs.org/kxco-pq-sdk/-/kxco-pq-sdk-1.0.2.tgz",
      "integrity": "sha512-6xU0vaPiqg8GJJ3CkHNb0SU0DJoWsYY1NtFy2R93chFfFjawZH6GOjtMf8sblet4Lyi6V7IT3+vk/SnlZpyEIA==",
      "license": "Apache-2.0",
      "dependencies": {
        "kxco-post-quantum": "^1.1.6",
        "kxco-pq-attest": "^1.0.0",
        "kxco-pq-audit": "^1.0.5",
        "kxco-pq-hsm": "^1.0.5"
      },
      "engines": {
        "node": ">=20.19"
      },
      "funding": {
        "url": "https://kxco.ai"
      }
    },
    "node_modules/kxco-pq-tls": {
      "version": "1.0.6",
      "resolved": "https://registry.npmjs.org/kxco-pq-tls/-/kxco-pq-tls-1.0.6.tgz",
      "integrity": "sha512-KNjHolIMPzEBXklW7V4Au8lMJzjdo5NMiN0S/9koRMiK8vlbVBMwudis/6af6wiIEknk9SXfhf0gw3G2E02Qcg==",
      "license": "Apache-2.0",
      "dependencies": {
        "@noble/ciphers": "^1.0.0",
        "@noble/curves": "^1.8.0",
        "@noble/hashes": "^1.7.0",
        "kxco-post-quantum": "^1.1.6"
      },
      "engines": {
        "node": ">=20.19"
      },
      "funding": {
        "url": "https://kxco.ai"
      }
    },
    "node_modules/kxco-pq-tls/node_modules/@noble/hashes": {
      "version": "1.8.0",
      "resolved": "https://registry.npmjs.org/@noble/hashes/-/hashes-1.8.0.tgz",
      "integrity": "sha512-jCs9ldd7NwzpgXDIf6P3+NrHh9/sD6CQdxHyjQI+h/6rDNo88ypBxxz45UDuZHz9r3tNz7N/VInSVoVdtXEI4A==",
      "license": "MIT",
      "engines": {
        "node": "^14.21.3 || >=16"
      },
      "funding": {
        "url": "https://paulmillr.com/funding/"
      }
    },
    "node_modules/kxco-pq-vault": {
      "version": "1.0.6",
      "resolved": "https://registry.npmjs.org/kxco-pq-vault/-/kxco-pq-vault-1.0.6.tgz",
      "integrity": "sha512-rzqQT/G93m74179qD5tF4XuKzIKoU3y+5Vlwj3m2PqLoCcMg1ENKCgpoLsqKoFRiVPAPhQlQMZ+nNlOemc4MZA==",
      "license": "Apache-2.0",
      "dependencies": {
        "@scure/base": "^1.2.4",
        "kxco-post-quantum": "^1.1.2"
      },
      "bin": {
        "kxco-vault": "bin/kxco-vault.js"
      },
      "engines": {
        "node": ">=20.19"
      },
      "funding": {
        "url": "https://kxco.ai"
      }
    },
    "node_modules/pkcs11js": {
      "version": "2.1.6",
      "resolved": "https://registry.npmjs.org/pkcs11js/-/pkcs11js-2.1.6.tgz",
      "integrity": "sha512-+t5jxzB749q8GaEd1yNx3l98xYuaVK6WW/Vjg1Mk1Iy5bMu/A5W4O/9wZGrpOknWF6lFQSb12FXX+eSNxdriwA==",
      "hasInstallScript": true,
      "license": "MIT",
      "optional": true,
      "engines": {
        "node": ">=18.0.0"
      },
      "funding": {
        "type": "github",
        "url": "https://github.com/sponsors/PeculiarVentures"
      }
    }
  }
}
